PODS:
  - IQChannels (1.1.0):
    - JSQMessagesViewController (~> 7.3.5)
    - SDWebImage (~> 3.8)
    - TRVSEventSource (= 0.0.8)
  - JSQMessagesViewController (7.3.5):
    - JSQSystemSoundPlayer (~> 2.0.1)
  - JSQSystemSoundPlayer (2.0.1)
  - SDWebImage (3.8.3):
    - SDWebImage/Core (= 3.8.3)
  - SDWebImage/Core (3.8.3)
  - TRVSEventSource (0.0.8)

DEPENDENCIES:
  - IQChannels (from `../`)

SPEC REPOS:
  trunk:
    - JSQMessagesViewController
    - JSQSystemSoundPlayer
    - SDWebImage
    - TRVSEventSource

EXTERNAL SOURCES:
  IQChannels:
    :path: "../"

SPEC CHECKSUMS:
  IQChannels: ed73fb219426e3eaa999047ae7d7ebc4c078e9c6
  JSQMessagesViewController: 6587f56aedbcb150a8ba1d968e1ef58b1bc758b7
  JSQSystemSoundPlayer: c5850e77a4363ffd374cd851154b9af93264ed8d
  SDWebImage: a72e880a8fe0f7fc31efe15aaed443c074d2a80c
  TRVSEventSource: 19fb940e0351ceb97125d46fd40cd55e339568d8

PODFILE CHECKSUM: 8b82bce2e43a24f1c10f83e30c0b9437924b81ad

COCOAPODS: 1.8.4
